<?xml version="1.0" encoding="utf-8"?>
<Project ToolsVersion="4.0" xmlns="http://schemas.microsoft.com/developer/msbuild/2003">
  <ItemGroup>
    <ClCompile Include="Render\Camera.cpp">
      <Filter>Render</Filter>
    </ClCompile>
    <ClCompile Include="Render\Render.cpp">
      <Filter>Render</Filter>
    </ClCompile>
    <ClCompile Include="Core\RenderUtils.cpp" />
    <ClCompile Include="Core\main.cpp" />
    <ClCompile Include="Core\callbacks.cpp" />
    <ClCompile Include="Objects\Particle.cpp" />
    <ClCompile Include="Structure\Object.cpp" />
    <ClCompile Include="Structure\Scene.cpp" />
    <ClCompile Include="EntryPoint.cpp" />
    <ClCompile Include="Objects\Shooter.cpp" />
    <ClCompile Include="Structure\System.cpp" />
    <ClCompile Include="Systems\ParticleSystem.cpp" />
    <ClCompile Include="Objects\Fireworks.cpp" />
    <ClCompile Include="Objects\ParticleGenerators\GaussianPartGen.cpp" />
    <ClCompile Include="Objects\ParticleGenerators\ParticleGen.cpp" />
    <ClCompile Include="Objects\ParticleGenerators\UniformPartGen.cpp" />
    <ClCompile Include="Objects\ForceGenerators\ForceGenerator.cpp" />
    <ClCompile Include="Objects\ForceGenerators\GravityForce.cpp" />
    <ClCompile Include="Systems\ForceSystem.cpp" />
    <ClCompile Include="Objects\ForceGenerators\WindForce.cpp" />
    <ClCompile Include="Objects\Trigger.cpp" />
    <ClCompile Include="Objects\ForceGenerators\WhirlwindForce.cpp" />
    <ClCompile Include="Objects\ParticleGenerators\GaussianScriptGen.cpp" />
    <ClCompile Include="Objects\ForceEffectSphere.cpp" />
    <ClCompile Include="Objects\ForceGenerators\ExplosionForce.cpp" />
  </ItemGroup>
  <ItemGroup>
    <ClInclude Include="core.hpp" />
    <ClInclude Include="Render\Camera.h">
      <Filter>Render</Filter>
    </ClInclude>
    <ClInclude Include="Render\Render.h">
      <Filter>Render</Filter>
    </ClInclude>
    <ClInclude Include="Core\RenderUtils.hpp" />
    <ClInclude Include="Core\callbacks.hpp" />
    <ClInclude Include="Objects\Particle.h" />
    <ClInclude Include="Structure\Object.h" />
    <ClInclude Include="Objects\AxisSphere.h" />
    <ClInclude Include="Structure\Scene.h" />
    <ClInclude Include="Objects\Shooter.h" />
    <ClInclude Include="Structure\System.h" />
    <ClInclude Include="Systems\ParticleSystem.h" />
    <ClInclude Include="Objects\Fireworks.h" />
    <ClInclude Include="Objects\FireworkGenerators\BasicFireworkGen.h" />
    <ClInclude Include="Objects\FireworkGenerators\CircleFWGen.h" />
    <ClInclude Include="Objects\ParticleGenerators\BasicFireworkGen.h" />
    <ClInclude Include="Objects\ParticleGenerators\CircleFWGen.h" />
    <ClInclude Include="Objects\ParticleGenerators\GaussianPartGen.h" />
    <ClInclude Include="Objects\ParticleGenerators\ParticleGen.h" />
    <ClInclude Include="Objects\ParticleGenerators\UniformPartGen.h" />
    <ClInclude Include="Objects\ForceGenerators\ForceGenerator.h" />
    <ClInclude Include="Objects\ForceGenerators\GravityForce.h" />
    <ClInclude Include="Systems\ForceSystem.h" />
    <ClInclude Include="Utilities\SpPtr.h" />
    <ClInclude Include="Objects\ForceGenerators\WindForce.h" />
    <ClInclude Include="Objects\Trigger.h" />
    <ClInclude Include="Objects\ForceGenerators\WhirlwindForce.h" />
    <ClInclude Include="Objects\ParticleGenerators\GaussianScriptGen.h" />
    <ClInclude Include="Objects\ForceEffectSphere.h" />
    <ClInclude Include="Objects\ForceGenerators\ExplosionForce.h" />
  </ItemGroup>
  <ItemGroup>
    <Filter Include="Render">
      <UniqueIdentifier>{d04b4f9f-5a69-465e-8070-25c6d0bcd3c2}</UniqueIdentifier>
    </Filter>
  </ItemGroup>
</Project>