<?xml version="1.0" encoding="utf-8"?>
<Project ToolsVersion="4.0" xmlns="http://schemas.microsoft.com/developer/msbuild/2003">
  <ItemGroup>
    <ClCompile Include="Render\Camera.cpp">
      <Filter>Render</Filter>
    </ClCompile>
    <ClCompile Include="Render\Render.cpp">
      <Filter>Render</Filter>
    </ClCompile>
    <ClCompile Include="Core\RenderUtils.cpp" />
    <ClCompile Include="Core\main.cpp" />
    <ClCompile Include="Core\callbacks.cpp" />
    <ClCompile Include="Objects\Particle.cpp" />
    <ClCompile Include="Structure\Object.cpp" />
    <ClCompile Include="Structure\Scene.cpp" />
    <ClCompile Include="Previous EntryPoint.cpp" />
    <ClCompile Include="Objects\Not important\Shooter.cpp" />
    <ClCompile Include="Structure\System.cpp" />
    <ClCompile Include="Systems\ParticleSystem.cpp" />
    <ClCompile Include="Objects\Fireworks.cpp" />
    <ClCompile Include="Objects\ParticleGenerators\GaussianPartGen.cpp" />
    <ClCompile Include="Objects\ParticleGenerators\ParticleGen.cpp" />
    <ClCompile Include="Objects\ParticleGenerators\UniformPartGen.cpp" />
    <ClCompile Include="Objects\ForceGenerators\ForceGenerator.cpp" />
    <ClCompile Include="Objects\ForceGenerators\GravityForce.cpp" />
    <ClCompile Include="Systems\ForceSystem.cpp" />
    <ClCompile Include="Objects\ForceGenerators\WindForce.cpp" />
    <ClCompile Include="Objects\Trigger.cpp" />
    <ClCompile Include="Objects\ForceGenerators\WhirlwindForce.cpp" />
    <ClCompile Include="Objects\ParticleGenerators\GaussianScriptGen.cpp" />
    <ClCompile Include="Objects\ForceEffectSphere.cpp" />
    <ClCompile Include="Objects\ForceGenerators\ExplosionForce.cpp" />
    <ClCompile Include="Objects\ForceGenerators\SpringForce.cpp" />
    <ClCompile Include="Objects\Not important\Box.cpp" />
    <ClCompile Include="Objects\Not important\Keys.cpp" />
    <ClCompile Include="Objects\ForceGenerators\FlotationForce.cpp" />
    <ClCompile Include="Objects\Not important\MovingBox.cpp" />
    <ClCompile Include="Objects\Not important\MovingObject.cpp" />
    <ClCompile Include="Objects\RSObject.cpp" />
    <ClCompile Include="Objects\RDObject.cpp" />
    <ClCompile Include="Systems\RDSystem.cpp" />
    <ClCompile Include="Objects\RDGen.cpp" />
    <ClCompile Include="EntryPoint.cpp" />
    <ClCompile Include="Objects\Target.cpp" />
    <ClCompile Include="Systems\TargetSystem.cpp" />
    <ClCompile Include="Utilities\Log.cpp" />
    <ClCompile Include="Utilities\MouseControl.cpp" />
    <ClCompile Include="Objects\Player.cpp" />
    <ClCompile Include="Maps\Map1.cpp" />
    <ClCompile Include="Maps\Map2.cpp" />
    <ClCompile Include="Maps\Map3.cpp" />
    <ClCompile Include="Objects\SphereRigidTrigger.cpp" />
    <ClCompile Include="Objects\ForceEffectBox.cpp" />
    <ClCompile Include="Maps\MapEnd.cpp" />
  </ItemGroup>
  <ItemGroup>
    <ClInclude Include="core.hpp" />
    <ClInclude Include="Render\Camera.h">
      <Filter>Render</Filter>
    </ClInclude>
    <ClInclude Include="Render\Render.h">
      <Filter>Render</Filter>
    </ClInclude>
    <ClInclude Include="Core\RenderUtils.hpp" />
    <ClInclude Include="Core\callbacks.hpp" />
    <ClInclude Include="Objects\Particle.h" />
    <ClInclude Include="Structure\Object.h" />
    <ClInclude Include="Objects\Not important\AxisSphere.h" />
    <ClInclude Include="Structure\Scene.h" />
    <ClInclude Include="Objects\Not important\Shooter.h" />
    <ClInclude Include="Structure\System.h" />
    <ClInclude Include="Systems\ParticleSystem.h" />
    <ClInclude Include="Objects\Fireworks.h" />
    <ClInclude Include="Objects\FireworkGenerators\BasicFireworkGen.h" />
    <ClInclude Include="Objects\FireworkGenerators\CircleFWGen.h" />
    <ClInclude Include="Objects\ParticleGenerators\BasicFireworkGen.h" />
    <ClInclude Include="Objects\ParticleGenerators\CircleFWGen.h" />
    <ClInclude Include="Objects\ParticleGenerators\GaussianPartGen.h" />
    <ClInclude Include="Objects\ParticleGenerators\ParticleGen.h" />
    <ClInclude Include="Objects\ParticleGenerators\UniformPartGen.h" />
    <ClInclude Include="Objects\ForceGenerators\ForceGenerator.h" />
    <ClInclude Include="Objects\ForceGenerators\GravityForce.h" />
    <ClInclude Include="Systems\ForceSystem.h" />
    <ClInclude Include="Utilities\SpPtr.h" />
    <ClInclude Include="Objects\ForceGenerators\WindForce.h" />
    <ClInclude Include="Objects\Trigger.h" />
    <ClInclude Include="Objects\ForceGenerators\WhirlwindForce.h" />
    <ClInclude Include="Objects\ParticleGenerators\GaussianScriptGen.h" />
    <ClInclude Include="Objects\ForceEffectSphere.h" />
    <ClInclude Include="Objects\ForceGenerators\ExplosionForce.h" />
    <ClInclude Include="Objects\ForceGenerators\SpringForce.h" />
    <ClInclude Include="Objects\Not important\Box.h" />
    <ClInclude Include="Objects\Not important\Keys.h" />
    <ClInclude Include="Utilities\ChangeText.h" />
    <ClInclude Include="Objects\ForceGenerators\FlotationForce.h" />
    <ClInclude Include="Objects\Not important\MovingBox.h" />
    <ClInclude Include="Objects\Not important\MovingObject.h" />
    <ClInclude Include="Objects\RSObject.h" />
    <ClInclude Include="Objects\RDObject.h" />
    <ClInclude Include="Structure\PhysicsObject.h" />
    <ClInclude Include="Objects\RDGen.h" />
    <ClInclude Include="Systems\RDSystem.h" />
    <ClInclude Include="Objects\Target.h" />
    <ClInclude Include="Systems\TargetSystem.h" />
    <ClInclude Include="Utilities\Log.h" />
    <ClInclude Include="Utilities\MouseControl.h" />
    <ClInclude Include="Objects\Player.h" />
    <ClInclude Include="Objects\Fader.h" />
    <ClInclude Include="Structure\Map.h" />
    <ClInclude Include="Maps\Map1.h" />
    <ClInclude Include="Maps\Map2.h" />
    <ClInclude Include="Maps\Map3.h" />
    <ClInclude Include="Objects\SphereRigidTrigger.h" />
    <ClInclude Include="Objects\ForceEffectBox.h" />
    <ClInclude Include="Maps\MapEnd.h" />
  </ItemGroup>
  <ItemGroup>
    <Filter Include="Render">
      <UniqueIdentifier>{d04b4f9f-5a69-465e-8070-25c6d0bcd3c2}</UniqueIdentifier>
    </Filter>
  </ItemGroup>
  <ItemGroup>
    <None Include="ClassDiagram.cd" />
  </ItemGroup>
</Project>